
Microsoft Visual Studio Solution File, Format Version 12.00
# Visual Studio 15
VisualStudioVersion = 15.0.26124.0
MinimumVisualStudioVersion = 15.0.26124.0
Project("{2150E333-8FDC-42A3-9474-1A3956D46DE8}") = "src", "src", "{CE7E8A47-68FA-46E5-AC9B-323E5FCEB1CE}"
EndProject
Project("{FAE04EC0-301F-11D3-BF4B-00C04F79EFBC}") = "Sinc.AppleMusic", "src\Sinc.AppleMusic\Sinc.AppleMusic.csproj", "{FADEED2E-0861-4E07-BC42-474B64A2C03D}"
EndProject
Project("{FAE04EC0-301F-11D3-BF4B-00C04F79EFBC}") = "Sinc.Main", "src\Sinc.Main\Sinc.Main.csproj", "{F372E0B5-9A8D-45B8-82F9-77522EF0BD62}"
EndProject
Project("{FAE04EC0-301F-11D3-BF4B-00C04F79EFBC}") = "Sinc.Models", "src\Sinc.Models\Sinc.Models.csproj", "{CAC46427-2CA1-403D-89BB-8ACC312DB016}"
EndProject
Project("{FAE04EC0-301F-11D3-BF4B-00C04F79EFBC}") = "Sinc.Spotify", "src\Sinc.Spotify\Sinc.Spotify.csproj", "{BAACF942-3AF4-4CAC-9BD7-CEC74F5D6C0A}"
EndProject
Project("{FAE04EC0-301F-11D3-BF4B-00C04F79EFBC}") = "Sinc.YouTube", "src\Sinc.YouTube\Sinc.YouTube.csproj", "{2C2BEBF8-1253-44F6-B30C-441F2F2027AA}"
EndProject
Project("{2150E333-8FDC-42A3-9474-1A3956D46DE8}") = "tests", "tests", "{E0B3DCE7-2A10-460B-BE2F-413C8569E4D5}"
EndProject
Project("{FAE04EC0-301F-11D3-BF4B-00C04F79EFBC}") = "Sinc.Spotify.Tests", "tests\Sinc.Spotify.Tests\Sinc.Spotify.Tests.csproj", "{EA04CE76-4381-4EC8-BC78-509785202CFA}"
EndProject
Global
	GlobalSection(SolutionConfigurationPlatforms) = preSolution
		Debug|Any CPU = Debug|Any CPU
		Debug|x64 = Debug|x64
		Debug|x86 = Debug|x86
		Release|Any CPU = Release|Any CPU
		Release|x64 = Release|x64
		Release|x86 = Release|x86
	EndGlobalSection
	GlobalSection(SolutionProperties) = preSolution
		HideSolutionNode = FALSE
	EndGlobalSection
	GlobalSection(ProjectConfigurationPlatforms) = postSolution
		{FADEED2E-0861-4E07-BC42-474B64A2C03D}.Debug|Any CPU.ActiveCfg = Debug|Any CPU
		{FADEED2E-0861-4E07-BC42-474B64A2C03D}.Debug|Any CPU.Build.0 = Debug|Any CPU
		{FADEED2E-0861-4E07-BC42-474B64A2C03D}.Debug|x64.ActiveCfg = Debug|Any CPU
		{FADEED2E-0861-4E07-BC42-474B64A2C03D}.Debug|x64.Build.0 = Debug|Any CPU
		{FADEED2E-0861-4E07-BC42-474B64A2C03D}.Debug|x86.ActiveCfg = Debug|Any CPU
		{FADEED2E-0861-4E07-BC42-474B64A2C03D}.Debug|x86.Build.0 = Debug|Any CPU
		{FADEED2E-0861-4E07-BC42-474B64A2C03D}.Release|Any CPU.ActiveCfg = Release|Any CPU
		{FADEED2E-0861-4E07-BC42-474B64A2C03D}.Release|Any CPU.Build.0 = Release|Any CPU
		{FADEED2E-0861-4E07-BC42-474B64A2C03D}.Release|x64.ActiveCfg = Release|Any CPU
		{FADEED2E-0861-4E07-BC42-474B64A2C03D}.Release|x64.Build.0 = Release|Any CPU
		{FADEED2E-0861-4E07-BC42-474B64A2C03D}.Release|x86.ActiveCfg = Release|Any CPU
		{FADEED2E-0861-4E07-BC42-474B64A2C03D}.Release|x86.Build.0 = Release|Any CPU
		{F372E0B5-9A8D-45B8-82F9-77522EF0BD62}.Debug|Any CPU.ActiveCfg = Debug|Any CPU
		{F372E0B5-9A8D-45B8-82F9-77522EF0BD62}.Debug|Any CPU.Build.0 = Debug|Any CPU
		{F372E0B5-9A8D-45B8-82F9-77522EF0BD62}.Debug|x64.ActiveCfg = Debug|Any CPU
		{F372E0B5-9A8D-45B8-82F9-77522EF0BD62}.Debug|x64.Build.0 = Debug|Any CPU
		{F372E0B5-9A8D-45B8-82F9-77522EF0BD62}.Debug|x86.ActiveCfg = Debug|Any CPU
		{F372E0B5-9A8D-45B8-82F9-77522EF0BD62}.Debug|x86.Build.0 = Debug|Any CPU
		{F372E0B5-9A8D-45B8-82F9-77522EF0BD62}.Release|Any CPU.ActiveCfg = Release|Any CPU
		{F372E0B5-9A8D-45B8-82F9-77522EF0BD62}.Release|Any CPU.Build.0 = Release|Any CPU
		{F372E0B5-9A8D-45B8-82F9-77522EF0BD62}.Release|x64.ActiveCfg = Release|Any CPU
		{F372E0B5-9A8D-45B8-82F9-77522EF0BD62}.Release|x64.Build.0 = Release|Any CPU
		{F372E0B5-9A8D-45B8-82F9-77522EF0BD62}.Release|x86.ActiveCfg = Release|Any CPU
		{F372E0B5-9A8D-45B8-82F9-77522EF0BD62}.Release|x86.Build.0 = Release|Any CPU
		{CAC46427-2CA1-403D-89BB-8ACC312DB016}.Debug|Any CPU.ActiveCfg = Debug|Any CPU
		{CAC46427-2CA1-403D-89BB-8ACC312DB016}.Debug|Any CPU.Build.0 = Debug|Any CPU
		{CAC46427-2CA1-403D-89BB-8ACC312DB016}.Debug|x64.ActiveCfg = Debug|Any CPU
		{CAC46427-2CA1-403D-89BB-8ACC312DB016}.Debug|x64.Build.0 = Debug|Any CPU
		{CAC46427-2CA1-403D-89BB-8ACC312DB016}.Debug|x86.ActiveCfg = Debug|Any CPU
		{CAC46427-2CA1-403D-89BB-8ACC312DB016}.Debug|x86.Build.0 = Debug|Any CPU
		{CAC46427-2CA1-403D-89BB-8ACC312DB016}.Release|Any CPU.ActiveCfg = Release|Any CPU
		{CAC46427-2CA1-403D-89BB-8ACC312DB016}.Release|Any CPU.Build.0 = Release|Any CPU
		{CAC46427-2CA1-403D-89BB-8ACC312DB016}.Release|x64.ActiveCfg = Release|Any CPU
		{CAC46427-2CA1-403D-89BB-8ACC312DB016}.Release|x64.Build.0 = Release|Any CPU
		{CAC46427-2CA1-403D-89BB-8ACC312DB016}.Release|x86.ActiveCfg = Release|Any CPU
		{CAC46427-2CA1-403D-89BB-8ACC312DB016}.Release|x86.Build.0 = Release|Any CPU
		{BAACF942-3AF4-4CAC-9BD7-CEC74F5D6C0A}.Debug|Any CPU.ActiveCfg = Debug|Any CPU
		{BAACF942-3AF4-4CAC-9BD7-CEC74F5D6C0A}.Debug|Any CPU.Build.0 = Debug|Any CPU
		{BAACF942-3AF4-4CAC-9BD7-CEC74F5D6C0A}.Debug|x64.ActiveCfg = Debug|Any CPU
		{BAACF942-3AF4-4CAC-9BD7-CEC74F5D6C0A}.Debug|x64.Build.0 = Debug|Any CPU
		{BAACF942-3AF4-4CAC-9BD7-CEC74F5D6C0A}.Debug|x86.ActiveCfg = Debug|Any CPU
		{BAACF942-3AF4-4CAC-9BD7-CEC74F5D6C0A}.Debug|x86.Build.0 = Debug|Any CPU
		{BAACF942-3AF4-4CAC-9BD7-CEC74F5D6C0A}.Release|Any CPU.ActiveCfg = Release|Any CPU
		{BAACF942-3AF4-4CAC-9BD7-CEC74F5D6C0A}.Release|Any CPU.Build.0 = Release|Any CPU
		{BAACF942-3AF4-4CAC-9BD7-CEC74F5D6C0A}.Release|x64.ActiveCfg = Release|Any CPU
		{BAACF942-3AF4-4CAC-9BD7-CEC74F5D6C0A}.Release|x64.Build.0 = Release|Any CPU
		{BAACF942-3AF4-4CAC-9BD7-CEC74F5D6C0A}.Release|x86.ActiveCfg = Release|Any CPU
		{BAACF942-3AF4-4CAC-9BD7-CEC74F5D6C0A}.Release|x86.Build.0 = Release|Any CPU
		{2C2BEBF8-1253-44F6-B30C-441F2F2027AA}.Debug|Any CPU.ActiveCfg = Debug|Any CPU
		{2C2BEBF8-1253-44F6-B30C-441F2F2027AA}.Debug|Any CPU.Build.0 = Debug|Any CPU
		{2C2BEBF8-1253-44F6-B30C-441F2F2027AA}.Debug|x64.ActiveCfg = Debug|Any CPU
		{2C2BEBF8-1253-44F6-B30C-441F2F2027AA}.Debug|x64.Build.0 = Debug|Any CPU
		{2C2BEBF8-1253-44F6-B30C-441F2F2027AA}.Debug|x86.ActiveCfg = Debug|Any CPU
		{2C2BEBF8-1253-44F6-B30C-441F2F2027AA}.Debug|x86.Build.0 = Debug|Any CPU
		{2C2BEBF8-1253-44F6-B30C-441F2F2027AA}.Release|Any CPU.ActiveCfg = Release|Any CPU
		{2C2BEBF8-1253-44F6-B30C-441F2F2027AA}.Release|Any CPU.Build.0 = Release|Any CPU
		{2C2BEBF8-1253-44F6-B30C-441F2F2027AA}.Release|x64.ActiveCfg = Release|Any CPU
		{2C2BEBF8-1253-44F6-B30C-441F2F2027AA}.Release|x64.Build.0 = Release|Any CPU
		{2C2BEBF8-1253-44F6-B30C-441F2F2027AA}.Release|x86.ActiveCfg = Release|Any CPU
		{2C2BEBF8-1253-44F6-B30C-441F2F2027AA}.Release|x86.Build.0 = Release|Any CPU
		{EA04CE76-4381-4EC8-BC78-509785202CFA}.Debug|Any CPU.ActiveCfg = Debug|Any CPU
		{EA04CE76-4381-4EC8-BC78-509785202CFA}.Debug|Any CPU.Build.0 = Debug|Any CPU
		{EA04CE76-4381-4EC8-BC78-509785202CFA}.Debug|x64.ActiveCfg = Debug|Any CPU
		{EA04CE76-4381-4EC8-BC78-509785202CFA}.Debug|x64.Build.0 = Debug|Any CPU
		{EA04CE76-4381-4EC8-BC78-509785202CFA}.Debug|x86.ActiveCfg = Debug|Any CPU
		{EA04CE76-4381-4EC8-BC78-509785202CFA}.Debug|x86.Build.0 = Debug|Any CPU
		{EA04CE76-4381-4EC8-BC78-509785202CFA}.Release|Any CPU.ActiveCfg = Release|Any CPU
		{EA04CE76-4381-4EC8-BC78-509785202CFA}.Release|Any CPU.Build.0 = Release|Any CPU
		{EA04CE76-4381-4EC8-BC78-509785202CFA}.Release|x64.ActiveCfg = Release|Any CPU
		{EA04CE76-4381-4EC8-BC78-509785202CFA}.Release|x64.Build.0 = Release|Any CPU
		{EA04CE76-4381-4EC8-BC78-509785202CFA}.Release|x86.ActiveCfg = Release|Any CPU
		{EA04CE76-4381-4EC8-BC78-509785202CFA}.Release|x86.Build.0 = Release|Any CPU
	EndGlobalSection
	GlobalSection(NestedProjects) = preSolution
		{FADEED2E-0861-4E07-BC42-474B64A2C03D} = {CE7E8A47-68FA-46E5-AC9B-323E5FCEB1CE}
		{F372E0B5-9A8D-45B8-82F9-77522EF0BD62} = {CE7E8A47-68FA-46E5-AC9B-323E5FCEB1CE}
		{CAC46427-2CA1-403D-89BB-8ACC312DB016} = {CE7E8A47-68FA-46E5-AC9B-323E5FCEB1CE}
		{BAACF942-3AF4-4CAC-9BD7-CEC74F5D6C0A} = {CE7E8A47-68FA-46E5-AC9B-323E5FCEB1CE}
		{2C2BEBF8-1253-44F6-B30C-441F2F2027AA} = {CE7E8A47-68FA-46E5-AC9B-323E5FCEB1CE}
		{EA04CE76-4381-4EC8-BC78-509785202CFA} = {E0B3DCE7-2A10-460B-BE2F-413C8569E4D5}
	EndGlobalSection
EndGlobal
